// !$*UTF8*$!
{
	archiveVersion = 1;
	classes = {
	};
	objectVersion = 46;
	objects = {

/* Begin PBXBuildFile section */
		2D91AA7515AC8D6000E8A39D /* NJDXDALRequestBuilder.m in Sources */ = {isa = PBXBuildFile; fileRef = 2D91AA7415AC8D6000E8A39D /* NJDXDALRequestBuilder.m */; };
		2D91AA7815AC8EE300E8A39D /* NJDXDALRequestBuilderTests.m in Sources */ = {isa = PBXBuildFile; fileRef = 2D91AA7715AC8EE300E8A39D /* NJDXDALRequestBuilderTests.m */; };
		30DBD0D215AEB4A400B85415 /* NJDXDALRequest.m in Sources */ = {isa = PBXBuildFile; fileRef = 30DBD0D115AEB4A400B85415 /* NJDXDALRequest.m */; };
		30DBD0D615AEB98300B85415 /* NJDXDALParam.m in Sources */ = {isa = PBXBuildFile; fileRef = 30DBD0D515AEB98300B85415 /* NJDXDALParam.m */; };
		30E195AF15AC208B00FA0A5C /* UIKit.framework in Frameworks */ = {isa = PBXBuildFile; fileRef = 30E195AE15AC208B00FA0A5C /* UIKit.framework */; };
		30E195B115AC208B00FA0A5C /* Foundation.framework in Frameworks */ = {isa = PBXBuildFile; fileRef = 30E195B015AC208B00FA0A5C /* Foundation.framework */; };
		30E195B315AC208B00FA0A5C /* CoreGraphics.framework in Frameworks */ = {isa = PBXBuildFile; fileRef = 30E195B215AC208B00FA0A5C /* CoreGraphics.framework */; };
		30E195B915AC208B00FA0A5C /* InfoPlist.strings in Resources */ = {isa = PBXBuildFile; fileRef = 30E195B715AC208B00FA0A5C /* InfoPlist.strings */; };
		30E195BB15AC208B00FA0A5C /* main.m in Sources */ = {isa = PBXBuildFile; fileRef = 30E195BA15AC208B00FA0A5C /* main.m */; };
		30E195BF15AC208B00FA0A5C /* AppDelegate.m in Sources */ = {isa = PBXBuildFile; fileRef = 30E195BE15AC208B00FA0A5C /* AppDelegate.m */; };
		30E195C715AC208B00FA0A5C /* SenTestingKit.framework in Frameworks */ = {isa = PBXBuildFile; fileRef = 30E195C615AC208B00FA0A5C /* SenTestingKit.framework */; };
		30E195C815AC208B00FA0A5C /* UIKit.framework in Frameworks */ = {isa = PBXBuildFile; fileRef = 30E195AE15AC208B00FA0A5C /* UIKit.framework */; };
		30E195C915AC208B00FA0A5C /* Foundation.framework in Frameworks */ = {isa = PBXBuildFile; fileRef = 30E195B015AC208B00FA0A5C /* Foundation.framework */; };
		30E195D115AC208B00FA0A5C /* InfoPlist.strings in Resources */ = {isa = PBXBuildFile; fileRef = 30E195CF15AC208B00FA0A5C /* InfoPlist.strings */; };
		30E195D415AC208B00FA0A5C /* NJDXDALTests.m in Sources */ = {isa = PBXBuildFile; fileRef = 30E195D315AC208B00FA0A5C /* NJDXDALTests.m */; };
		30E195DF15AC20CA00FA0A5C /* MainViewController.m in Sources */ = {isa = PBXBuildFile; fileRef = 30E195DE15AC20CA00FA0A5C /* MainViewController.m */; };
		30E195E215AC21F500FA0A5C /* NJDXDALHTTPOperation.m in Sources */ = {isa = PBXBuildFile; fileRef = 30E195E115AC21F500FA0A5C /* NJDXDALHTTPOperation.m */; };
		30E195E515AC23A000FA0A5C /* NJDXDALRunLoopController.m in Sources */ = {isa = PBXBuildFile; fileRef = 30E195E415AC23A000FA0A5C /* NJDXDALRunLoopController.m */; };
		30E195EB15AC267400FA0A5C /* NJDXDALParsingOperation.m in Sources */ = {isa = PBXBuildFile; fileRef = 30E195EA15AC267400FA0A5C /* NJDXDALParsingOperation.m */; };
		30E195F115AC2B8100FA0A5C /* NJDXDALOperationsCenter.m in Sources */ = {isa = PBXBuildFile; fileRef = 30E195F015AC2B8100FA0A5C /* NJDXDALOperationsCenter.m */; };
		30E195F415AC2BA900FA0A5C /* NJDXDALParsingCenter.m in Sources */ = {isa = PBXBuildFile; fileRef = 30E195F315AC2BA900FA0A5C /* NJDXDALParsingCenter.m */; };
/* End PBXBuildFile section */

/* Begin PBXContainerItemProxy section */
		30E195CA15AC208B00FA0A5C /* PBXContainerItemProxy */ = {
			isa = PBXContainerItemProxy;
			containerPortal = 30E195A115AC208B00FA0A5C /* Project object */;
			proxyType = 1;
			remoteGlobalIDString = 30E195A915AC208B00FA0A5C;
			remoteInfo = NJDXDAL;
		};
/* End PBXContainerItemProxy section */

/* Begin PBXFileReference section */
		2D91AA7315AC8D6000E8A39D /* NJDXDALRequestBuilder.h */ = {isa = PBXFileReference; fileEncoding = 4; lastKnownFileType = sourcecode.c.h; path = NJDXDALRequestBuilder.h; sourceTree = "<group>"; };
		2D91AA7415AC8D6000E8A39D /* NJDXDALRequestBuilder.m */ = {isa = PBXFileReference; fileEncoding = 4; lastKnownFileType = sourcecode.c.objc; path = NJDXDALRequestBuilder.m; sourceTree = "<group>"; };
		2D91AA7615AC8EE300E8A39D /* NJDXDALRequestBuilderTests.h */ = {isa = PBXFileReference; fileEncoding = 4; lastKnownFileType = sourcecode.c.h; path = NJDXDALRequestBuilderTests.h; sourceTree = "<group>"; };
		2D91AA7715AC8EE300E8A39D /* NJDXDALRequestBuilderTests.m */ = {isa = PBXFileReference; fileEncoding = 4; lastKnownFileType = sourcecode.c.objc; path = NJDXDALRequestBuilderTests.m; sourceTree = "<group>"; };
		30DBD0D015AEB4A400B85415 /* NJDXDALRequest.h */ = {isa = PBXFileReference; fileEncoding = 4; lastKnownFileType = sourcecode.c.h; path = NJDXDALRequest.h; sourceTree = "<group>"; };
		30DBD0D115AEB4A400B85415 /* NJDXDALRequest.m */ = {isa = PBXFileReference; fileEncoding = 4; lastKnownFileType = sourcecode.c.objc; path = NJDXDALRequest.m; sourceTree = "<group>"; };
		30DBD0D415AEB98300B85415 /* NJDXDALParam.h */ = {isa = PBXFileReference; fileEncoding = 4; lastKnownFileType = sourcecode.c.h; path = NJDXDALParam.h; sourceTree = "<group>"; };
		30DBD0D515AEB98300B85415 /* NJDXDALParam.m */ = {isa = PBXFileReference; fileEncoding = 4; lastKnownFileType = sourcecode.c.objc; path = NJDXDALParam.m; sourceTree = "<group>"; };
		30E195AA15AC208B00FA0A5C /* NJDXDAL.app */ = {isa = PBXFileReference; explicitFileType = wrapper.application; includeInIndex = 0; path = NJDXDAL.app; sourceTree = BUILT_PRODUCTS_DIR; };
		30E195AE15AC208B00FA0A5C /* UIKit.framework */ = {isa = PBXFileReference; lastKnownFileType = wrapper.framework; name = UIKit.framework; path = System/Library/Frameworks/UIKit.framework; sourceTree = SDKROOT; };
		30E195B015AC208B00FA0A5C /* Foundation.framework */ = {isa = PBXFileReference; lastKnownFileType = wrapper.framework; name = Foundation.framework; path = System/Library/Frameworks/Foundation.framework; sourceTree = SDKROOT; };
		30E195B215AC208B00FA0A5C /* CoreGraphics.framework */ = {isa = PBXFileReference; lastKnownFileType = wrapper.framework; name = CoreGraphics.framework; path = System/Library/Frameworks/CoreGraphics.framework; sourceTree = SDKROOT; };
		30E195B615AC208B00FA0A5C /* NJDXDAL-Info.plist */ = {isa = PBXFileReference; lastKnownFileType = text.plist.xml; path = "NJDXDAL-Info.plist"; sourceTree = "<group>"; };
		30E195B815AC208B00FA0A5C /* en */ = {isa = PBXFileReference; lastKnownFileType = text.plist.strings; name = en; path = en.lproj/InfoPlist.strings; sourceTree = "<group>"; };
		30E195BA15AC208B00FA0A5C /* main.m */ = {isa = PBXFileReference; lastKnownFileType = sourcecode.c.objc; path = main.m; sourceTree = "<group>"; };
		30E195BC15AC208B00FA0A5C /* NJDXDAL-Prefix.pch */ = {isa = PBXFileReference; lastKnownFileType = sourcecode.c.h; path = "NJDXDAL-Prefix.pch"; sourceTree = "<group>"; };
		30E195BD15AC208B00FA0A5C /* AppDelegate.h */ = {isa = PBXFileReference; lastKnownFileType = sourcecode.c.h; path = AppDelegate.h; sourceTree = "<group>"; };
		30E195BE15AC208B00FA0A5C /* AppDelegate.m */ = {isa = PBXFileReference; lastKnownFileType = sourcecode.c.objc; path = AppDelegate.m; sourceTree = "<group>"; };
		30E195C515AC208B00FA0A5C /* NJDXDALTests.octest */ = {isa = PBXFileReference; explicitFileType = wrapper.cfbundle; includeInIndex = 0; path = NJDXDALTests.octest; sourceTree = BUILT_PRODUCTS_DIR; };
		30E195C615AC208B00FA0A5C /* SenTestingKit.framework */ = {isa = PBXFileReference; lastKnownFileType = wrapper.framework; name = SenTestingKit.framework; path = Library/Frameworks/SenTestingKit.framework; sourceTree = DEVELOPER_DIR; };
		30E195CE15AC208B00FA0A5C /* NJDXDALTests-Info.plist */ = {isa = PBXFileReference; lastKnownFileType = text.plist.xml; path = "NJDXDALTests-Info.plist"; sourceTree = "<group>"; };
		30E195D015AC208B00FA0A5C /* en */ = {isa = PBXFileReference; lastKnownFileType = text.plist.strings; name = en; path = en.lproj/InfoPlist.strings; sourceTree = "<group>"; };
		30E195D215AC208B00FA0A5C /* NJDXDALTests.h */ = {isa = PBXFileReference; lastKnownFileType = sourcecode.c.h; path = NJDXDALTests.h; sourceTree = "<group>"; };
		30E195D315AC208B00FA0A5C /* NJDXDALTests.m */ = {isa = PBXFileReference; lastKnownFileType = sourcecode.c.objc; path = NJDXDALTests.m; sourceTree = "<group>"; };
		30E195DD15AC20CA00FA0A5C /* MainViewController.h */ = {isa = PBXFileReference; fileEncoding = 4; lastKnownFileType = sourcecode.c.h; name = MainViewController.h; path = ../MainViewController.h; sourceTree = "<group>"; };
		30E195DE15AC20CA00FA0A5C /* MainViewController.m */ = {isa = PBXFileReference; fileEncoding = 4; lastKnownFileType = sourcecode.c.objc; name = MainViewController.m; path = ../MainViewController.m; sourceTree = "<group>"; };
		30E195E015AC21F500FA0A5C /* NJDXDALHTTPOperation.h */ = {isa = PBXFileReference; fileEncoding = 4; lastKnownFileType = sourcecode.c.h; path = NJDXDALHTTPOperation.h; sourceTree = "<group>"; };
		30E195E115AC21F500FA0A5C /* NJDXDALHTTPOperation.m */ = {isa = PBXFileReference; fileEncoding = 4; lastKnownFileType = sourcecode.c.objc; path = NJDXDALHTTPOperation.m; sourceTree = "<group>"; };
		30E195E315AC23A000FA0A5C /* NJDXDALRunLoopController.h */ = {isa = PBXFileReference; fileEncoding = 4; lastKnownFileType = sourcecode.c.h; path = NJDXDALRunLoopController.h; sourceTree = "<group>"; };
		30E195E415AC23A000FA0A5C /* NJDXDALRunLoopController.m */ = {isa = PBXFileReference; fileEncoding = 4; lastKnownFileType = sourcecode.c.objc; path = NJDXDALRunLoopController.m; sourceTree = "<group>"; };
		30E195E915AC267400FA0A5C /* NJDXDALParsingOperation.h */ = {isa = PBXFileReference; fileEncoding = 4; lastKnownFileType = sourcecode.c.h; path = NJDXDALParsingOperation.h; sourceTree = "<group>"; };
		30E195EA15AC267400FA0A5C /* NJDXDALParsingOperation.m */ = {isa = PBXFileReference; fileEncoding = 4; lastKnownFileType = sourcecode.c.objc; path = NJDXDALParsingOperation.m; sourceTree = "<group>"; };
		30E195EF15AC2B8100FA0A5C /* NJDXDALOperationsCenter.h */ = {isa = PBXFileReference; fileEncoding = 4; lastKnownFileType = sourcecode.c.h; path = NJDXDALOperationsCenter.h; sourceTree = "<group>"; };
		30E195F015AC2B8100FA0A5C /* NJDXDALOperationsCenter.m */ = {isa = PBXFileReference; fileEncoding = 4; lastKnownFileType = sourcecode.c.objc; path = NJDXDALOperationsCenter.m; sourceTree = "<group>"; };
		30E195F215AC2BA900FA0A5C /* NJDXDALParsingCenter.h */ = {isa = PBXFileReference; fileEncoding = 4; lastKnownFileType = sourcecode.c.h; path = NJDXDALParsingCenter.h; sourceTree = "<group>"; };
		30E195F315AC2BA900FA0A5C /* NJDXDALParsingCenter.m */ = {isa = PBXFileReference; fileEncoding = 4; lastKnownFileType = sourcecode.c.objc; path = NJDXDALParsingCenter.m; sourceTree = "<group>"; };
/* End PBXFileReference section */

/* Begin PBXFrameworksBuildPhase section */
		30E195A715AC208B00FA0A5C /* Frameworks */ = {
			isa = PBXFrameworksBuildPhase;
			buildActionMask = 2147483647;
			files = (
				30E195AF15AC208B00FA0A5C /* UIKit.framework in Frameworks */,
				30E195B115AC208B00FA0A5C /* Foundation.framework in Frameworks */,
				30E195B315AC208B00FA0A5C /* CoreGraphics.framework in Frameworks */,
			);
			runOnlyForDeploymentPostprocessing = 0;
		};
		30E195C115AC208B00FA0A5C /* Frameworks */ = {
			isa = PBXFrameworksBuildPhase;
			buildActionMask = 2147483647;
			files = (
				30E195C715AC208B00FA0A5C /* SenTestingKit.framework in Frameworks */,
				30E195C815AC208B00FA0A5C /* UIKit.framework in Frameworks */,
				30E195C915AC208B00FA0A5C /* Foundation.framework in Frameworks */,
			);
			runOnlyForDeploymentPostprocessing = 0;
		};
/* End PBXFrameworksBuildPhase section */

/* Begin PBXGroup section */
		30E1959F15AC208B00FA0A5C = {
			isa = PBXGroup;
			children = (
				30DBD0D415AEB98300B85415 /* NJDXDALParam.h */,
				30DBD0D515AEB98300B85415 /* NJDXDALParam.m */,
				30DBD0D015AEB4A400B85415 /* NJDXDALRequest.h */,
				30DBD0D115AEB4A400B85415 /* NJDXDALRequest.m */,
				2D91AA7315AC8D6000E8A39D /* NJDXDALRequestBuilder.h */,
				2D91AA7415AC8D6000E8A39D /* NJDXDALRequestBuilder.m */,
				30E195F615AC2C3B00FA0A5C /* HTTPOperations */,
				30E195F515AC2C0F00FA0A5C /* Parsing */,
				30E195E315AC23A000FA0A5C /* NJDXDALRunLoopController.h */,
				30E195E415AC23A000FA0A5C /* NJDXDALRunLoopController.m */,
				30E195B415AC208B00FA0A5C /* NJDXDAL */,
				30E195CC15AC208B00FA0A5C /* NJDXDALTests */,
				30E195AD15AC208B00FA0A5C /* Frameworks */,
				30E195AB15AC208B00FA0A5C /* Products */,
			);
			sourceTree = "<group>";
		};
		30E195AB15AC208B00FA0A5C /* Products */ = {
			isa = PBXGroup;
			children = (
				30E195AA15AC208B00FA0A5C /* NJDXDAL.app */,
				30E195C515AC208B00FA0A5C /* NJDXDALTests.octest */,
			);
			name = Products;
			sourceTree = "<group>";
		};
		30E195AD15AC208B00FA0A5C /* Frameworks */ = {
			isa = PBXGroup;
			children = (
				30E195AE15AC208B00FA0A5C /* UIKit.framework */,
				30E195B015AC208B00FA0A5C /* Foundation.framework */,
				30E195B215AC208B00FA0A5C /* CoreGraphics.framework */,
				30E195C615AC208B00FA0A5C /* SenTestingKit.framework */,
			);
			name = Frameworks;
			sourceTree = "<group>";
		};
		30E195B415AC208B00FA0A5C /* NJDXDAL */ = {
			isa = PBXGroup;
			children = (
				30E195BD15AC208B00FA0A5C /* AppDelegate.h */,
				30E195BE15AC208B00FA0A5C /* AppDelegate.m */,
				30E195DD15AC20CA00FA0A5C /* MainViewController.h */,
				30E195DE15AC20CA00FA0A5C /* MainViewController.m */,
				30E195B515AC208B00FA0A5C /* Supporting Files */,
			);
			path = NJDXDAL;
			sourceTree = "<group>";
		};
		30E195B515AC208B00FA0A5C /* Supporting Files */ = {
			isa = PBXGroup;
			children = (
				30E195B615AC208B00FA0A5C /* NJDXDAL-Info.plist */,
				30E195B715AC208B00FA0A5C /* InfoPlist.strings */,
				30E195BA15AC208B00FA0A5C /* main.m */,
				30E195BC15AC208B00FA0A5C /* NJDXDAL-Prefix.pch */,
			);
			name = "Supporting Files";
			sourceTree = "<group>";
		};
		30E195CC15AC208B00FA0A5C /* NJDXDALTests */ = {
			isa = PBXGroup;
			children = (
				30E195D215AC208B00FA0A5C /* NJDXDALTests.h */,
				30E195D315AC208B00FA0A5C /* NJDXDALTests.m */,
				30E195CD15AC208B00FA0A5C /* Supporting Files */,
				2D91AA7615AC8EE300E8A39D /* NJDXDALRequestBuilderTests.h */,
				2D91AA7715AC8EE300E8A39D /* NJDXDALRequestBuilderTests.m */,
			);
			path = NJDXDALTests;
			sourceTree = "<group>";
		};
		30E195CD15AC208B00FA0A5C /* Supporting Files */ = {
			isa = PBXGroup;
			children = (
				30E195CE15AC208B00FA0A5C /* NJDXDALTests-Info.plist */,
				30E195CF15AC208B00FA0A5C /* InfoPlist.strings */,
			);
			name = "Supporting Files";
			sourceTree = "<group>";
		};
		30E195F515AC2C0F00FA0A5C /* Parsing */ = {
			isa = PBXGroup;
			children = (
				30E195E915AC267400FA0A5C /* NJDXDALParsingOperation.h */,
				30E195EA15AC267400FA0A5C /* NJDXDALParsingOperation.m */,
				30E195F215AC2BA900FA0A5C /* NJDXDALParsingCenter.h */,
				30E195F315AC2BA900FA0A5C /* NJDXDALParsingCenter.m */,
			);
			name = Parsing;
			sourceTree = "<group>";
		};
		30E195F615AC2C3B00FA0A5C /* HTTPOperations */ = {
			isa = PBXGroup;
			children = (
				30E195E015AC21F500FA0A5C /* NJDXDALHTTPOperation.h */,
				30E195E115AC21F500FA0A5C /* NJDXDALHTTPOperation.m */,
				30E195EF15AC2B8100FA0A5C /* NJDXDALOperationsCenter.h */,
				30E195F015AC2B8100FA0A5C /* NJDXDALOperationsCenter.m */,
			);
			name = HTTPOperations;
			sourceTree = "<group>";
		};
/* End PBXGroup section */

/* Begin PBXNativeTarget section */
		30E195A915AC208B00FA0A5C /* NJDXDAL */ = {
			isa = PBXNativeTarget;
			buildConfigurationList = 30E195D715AC208B00FA0A5C /* Build configuration list for PBXNativeTarget "NJDXDAL" */;
			buildPhases = (
				30E195A615AC208B00FA0A5C /* Sources */,
				30E195A715AC208B00FA0A5C /* Frameworks */,
				30E195A815AC208B00FA0A5C /* Resources */,
			);
			buildRules = (
			);
			dependencies = (
			);
			name = NJDXDAL;
			productName = NJDXDAL;
			productReference = 30E195AA15AC208B00FA0A5C /* NJDXDAL.app */;
			productType = "com.apple.product-type.application";
		};
		30E195C415AC208B00FA0A5C /* NJDXDALTests */ = {
			isa = PBXNativeTarget;
			buildConfigurationList = 30E195DA15AC208B00FA0A5C /* Build configuration list for PBXNativeTarget "NJDXDALTests" */;
			buildPhases = (
				30E195C015AC208B00FA0A5C /* Sources */,
				30E195C115AC208B00FA0A5C /* Frameworks */,
				30E195C215AC208B00FA0A5C /* Resources */,
				30E195C315AC208B00FA0A5C /* ShellScript */,
			);
			buildRules = (
			);
			dependencies = (
				30E195CB15AC208B00FA0A5C /* PBXTargetDependency */,
			);
			name = NJDXDALTests;
			productName = NJDXDALTests;
			productReference = 30E195C515AC208B00FA0A5C /* NJDXDALTests.octest */;
			productType = "com.apple.product-type.bundle";
		};
/* End PBXNativeTarget section */

/* Begin PBXProject section */
		30E195A115AC208B00FA0A5C /* Project object */ = {
			isa = PBXProject;
			attributes = {
				LastUpgradeCheck = 0430;
			};
			buildConfigurationList = 30E195A415AC208B00FA0A5C /* Build configuration list for PBXProject "NJDXDAL" */;
			compatibilityVersion = "Xcode 3.2";
			developmentRegion = English;
			hasScannedForEncodings = 0;
			knownRegions = (
				en,
			);
			mainGroup = 30E1959F15AC208B00FA0A5C;
			productRefGroup = 30E195AB15AC208B00FA0A5C /* Products */;
			projectDirPath = "";
			projectRoot = "";
			targets = (
				30E195A915AC208B00FA0A5C /* NJDXDAL */,
				30E195C415AC208B00FA0A5C /* NJDXDALTests */,
			);
		};
/* End PBXProject section */

/* Begin PBXResourcesBuildPhase section */
		30E195A815AC208B00FA0A5C /* Resources */ = {
			isa = PBXResourcesBuildPhase;
			buildActionMask = 2147483647;
			files = (
				30E195B915AC208B00FA0A5C /* InfoPlist.strings in Resources */,
			);
			runOnlyForDeploymentPostprocessing = 0;
		};
		30E195C215AC208B00FA0A5C /* Resources */ = {
			isa = PBXResourcesBuildPhase;
			buildActionMask = 2147483647;
			files = (
				30E195D115AC208B00FA0A5C /* InfoPlist.strings in Resources */,
			);
			runOnlyForDeploymentPostprocessing = 0;
		};
/* End PBXResourcesBuildPhase section */

/* Begin PBXShellScriptBuildPhase section */
		30E195C315AC208B00FA0A5C /* ShellScript */ = {
			isa = PBXShellScriptBuildPhase;
			buildActionMask = 2147483647;
			files = (
			);
			inputPaths = (
			);
			outputPaths = (
			);
			runOnlyForDeploymentPostprocessing = 0;
			shellPath = /bin/sh;
			shellScript = "# Run the unit tests in this test bundle.\n\"${SYSTEM_DEVELOPER_DIR}/Tools/RunUnitTests\"\n";
		};
/* End PBXShellScriptBuildPhase section */

/* Begin PBXSourcesBuildPhase section */
		30E195A615AC208B00FA0A5C /* Sources */ = {
			isa = PBXSourcesBuildPhase;
			buildActionMask = 2147483647;
			files = (
				30E195BB15AC208B00FA0A5C /* main.m in Sources */,
				30E195BF15AC208B00FA0A5C /* AppDelegate.m in Sources */,
				30E195DF15AC20CA00FA0A5C /* MainViewController.m in Sources */,
				30E195E215AC21F500FA0A5C /* NJDXDALHTTPOperation.m in Sources */,
				30E195E515AC23A000FA0A5C /* NJDXDALRunLoopController.m in Sources */,
				30E195EB15AC267400FA0A5C /* NJDXDALParsingOperation.m in Sources */,
				30E195F115AC2B8100FA0A5C /* NJDXDALOperationsCenter.m in Sources */,
				30E195F415AC2BA900FA0A5C /* NJDXDALParsingCenter.m in Sources */,
				2D91AA7515AC8D6000E8A39D /* NJDXDALRequestBuilder.m in Sources */,
				30DBD0D215AEB4A400B85415 /* NJDXDALRequest.m in Sources */,
				30DBD0D615AEB98300B85415 /* NJDXDALParam.m in Sources */,
			);
			runOnlyForDeploymentPostprocessing = 0;
		};
		30E195C015AC208B00FA0A5C /* Sources */ = {
			isa = PBXSourcesBuildPhase;
			buildActionMask = 2147483647;
			files = (
				30E195D415AC208B00FA0A5C /* NJDXDALTests.m in Sources */,
				2D91AA7815AC8EE300E8A39D /* NJDXDALRequestBuilderTests.m in Sources */,
			);
			runOnlyForDeploymentPostprocessing = 0;
		};
/* End PBXSourcesBuildPhase section */

/* Begin PBXTargetDependency section */
		30E195CB15AC208B00FA0A5C /* PBXTargetDependency */ = {
			isa = PBXTargetDependency;
			target = 30E195A915AC208B00FA0A5C /* NJDXDAL */;
			targetProxy = 30E195CA15AC208B00FA0A5C /* PBXContainerItemProxy */;
		};
/* End PBXTargetDependency section */

/* Begin PBXVariantGroup section */
		30E195B715AC208B00FA0A5C /* InfoPlist.strings */ = {
			isa = PBXVariantGroup;
			children = (
				30E195B815AC208B00FA0A5C /* en */,
			);
			name = InfoPlist.strings;
			sourceTree = "<group>";
		};
		30E195CF15AC208B00FA0A5C /* InfoPlist.strings */ = {
			isa = PBXVariantGroup;
			children = (
				30E195D015AC208B00FA0A5C /* en */,
			);
			name = InfoPlist.strings;
			sourceTree = "<group>";
		};
/* End PBXVariantGroup section */

/* Begin XCBuildConfiguration section */
		30E195D515AC208B00FA0A5C /* Debug */ = {
			isa = XCBuildConfiguration;
			buildSettings = {
				ALWAYS_SEARCH_USER_PATHS = NO;
				ARCHS = "$(ARCHS_STANDARD_32_BIT)";
				"CODE_SIGN_IDENTITY[sdk=iphoneos*]" = "iPhone Developer";
				COPY_PHASE_STRIP = NO;
				GCC_C_LANGUAGE_STANDARD = gnu99;
				GCC_DYNAMIC_NO_PIC = NO;
				GCC_OPTIMIZATION_LEVEL = 0;
				GCC_PREPROCESSOR_DEFINITIONS = (
					"DEBUG=1",
					"$(inherited)",
				);
				GCC_SYMBOLS_PRIVATE_EXTERN = NO;
				GCC_VERSION = com.apple.compilers.llvm.clang.1_0;
				GCC_WARN_ABOUT_RETURN_TYPE = YES;
				GCC_WARN_UNINITIALIZED_AUTOS = YES;
				GCC_WARN_UNUSED_VARIABLE = YES;
				IPHONEOS_DEPLOYMENT_TARGET = 5.1;
				SDKROOT = iphoneos;
			};
			name = Debug;
		};
		30E195D615AC208B00FA0A5C /* Release */ = {
			isa = XCBuildConfiguration;
			buildSettings = {
				ALWAYS_SEARCH_USER_PATHS = NO;
				ARCHS = "$(ARCHS_STANDARD_32_BIT)";
				"CODE_SIGN_IDENTITY[sdk=iphoneos*]" = "iPhone Developer";
				COPY_PHASE_STRIP = YES;
				GCC_C_LANGUAGE_STANDARD = gnu99;
				GCC_VERSION = com.apple.compilers.llvm.clang.1_0;
				GCC_WARN_ABOUT_RETURN_TYPE = YES;
				GCC_WARN_UNINITIALIZED_AUTOS = YES;
				GCC_WARN_UNUSED_VARIABLE = YES;
				IPHONEOS_DEPLOYMENT_TARGET = 5.1;
				OTHER_CFLAGS = "-DNS_BLOCK_ASSERTIONS=1";
				SDKROOT = iphoneos;
				VALIDATE_PRODUCT = YES;
			};
			name = Release;
		};
		30E195D815AC208B00FA0A5C /* Debug */ = {
			isa = XCBuildConfiguration;
			buildSettings = {
				CLANG_ENABLE_OBJC_ARC = YES;
				GCC_PRECOMPILE_PREFIX_HEADER = YES;
				GCC_PREFIX_HEADER = "NJDXDAL/NJDXDAL-Prefix.pch";
				INFOPLIST_FILE = "NJDXDAL/NJDXDAL-Info.plist";
				PRODUCT_NAME = "$(TARGET_NAME)";
				WRAPPER_EXTENSION = app;
			};
			name = Debug;
		};
		30E195D915AC208B00FA0A5C /* Release */ = {
			isa = XCBuildConfiguration;
			buildSettings = {
				CLANG_ENABLE_OBJC_ARC = YES;
				GCC_PRECOMPILE_PREFIX_HEADER = YES;
				GCC_PREFIX_HEADER = "NJDXDAL/NJDXDAL-Prefix.pch";
				INFOPLIST_FILE = "NJDXDAL/NJDXDAL-Info.plist";
				PRODUCT_NAME = "$(TARGET_NAME)";
				WRAPPER_EXTENSION = app;
			};
			name = Release;
		};
		30E195DB15AC208B00FA0A5C /* Debug */ = {
			isa = XCBuildConfiguration;
			buildSettings = {
				BUNDLE_LOADER = "$(BUILT_PRODUCTS_DIR)/NJDXDAL.app/NJDXDAL";
				CLANG_ENABLE_OBJC_ARC = YES;
				FRAMEWORK_SEARCH_PATHS = (
					"$(SDKROOT)/Developer/Library/Frameworks",
					"$(DEVELOPER_LIBRARY_DIR)/Frameworks",
				);
				GCC_PRECOMPILE_PREFIX_HEADER = YES;
				GCC_PREFIX_HEADER = "NJDXDAL/NJDXDAL-Prefix.pch";
				INFOPLIST_FILE = "NJDXDALTests/NJDXDALTests-Info.plist";
				PRODUCT_NAME = "$(TARGET_NAME)";
				TEST_HOST = "$(BUNDLE_LOADER)";
				WRAPPER_EXTENSION = octest;
			};
			name = Debug;
		};
		30E195DC15AC208B00FA0A5C /* Release */ = {
			isa = XCBuildConfiguration;
			buildSettings = {
				BUNDLE_LOADER = "$(BUILT_PRODUCTS_DIR)/NJDXDAL.app/NJDXDAL";
				CLANG_ENABLE_OBJC_ARC = YES;
				FRAMEWORK_SEARCH_PATHS = (
					"$(SDKROOT)/Developer/Library/Frameworks",
					"$(DEVELOPER_LIBRARY_DIR)/Frameworks",
				);
				GCC_PRECOMPILE_PREFIX_HEADER = YES;
				GCC_PREFIX_HEADER = "NJDXDAL/NJDXDAL-Prefix.pch";
				INFOPLIST_FILE = "NJDXDALTests/NJDXDALTests-Info.plist";
				PRODUCT_NAME = "$(TARGET_NAME)";
				TEST_HOST = "$(BUNDLE_LOADER)";
				WRAPPER_EXTENSION = octest;
			};
			name = Release;
		};
/* End XCBuildConfiguration section */

/* Begin XCConfigurationList section */
		30E195A415AC208B00FA0A5C /* Build configuration list for PBXProject "NJDXDAL" */ = {
			isa = XCConfigurationList;
			buildConfigurations = (
				30E195D515AC208B00FA0A5C /* Debug */,
				30E195D615AC208B00FA0A5C /* Release */,
			);
			defaultConfigurationIsVisible = 0;
			defaultConfigurationName = Release;
		};
		30E195D715AC208B00FA0A5C /* Build configuration list for PBXNativeTarget "NJDXDAL" */ = {
			isa = XCConfigurationList;
			buildConfigurations = (
				30E195D815AC208B00FA0A5C /* Debug */,
				30E195D915AC208B00FA0A5C /* Release */,
			);
			defaultConfigurationIsVisible = 0;
			defaultConfigurationName = Release;
		};
		30E195DA15AC208B00FA0A5C /* Build configuration list for PBXNativeTarget "NJDXDALTests" */ = {
			isa = XCConfigurationList;
			buildConfigurations = (
				30E195DB15AC208B00FA0A5C /* Debug */,
				30E195DC15AC208B00FA0A5C /* Release */,
			);
			defaultConfigurationIsVisible = 0;
			defaultConfigurationName = Release;
		};
/* End XCConfigurationList section */
	};
	rootObject = 30E195A115AC208B00FA0A5C /* Project object */;
}
