// !$*UTF8*$!
{
	archiveVersion = 1;
	classes = {
	};
	objectVersion = 46;
	objects = {

/* Begin PBXBuildFile section */
		15DF8FF315B2C16000F1463D /* NJDXDALParser.m in Sources */ = {isa = PBXBuildFile; fileRef = 15DF8FED15B2C15F00F1463D /* NJDXDALParser.m */; };
		15DF8FF415B2C16000F1463D /* NJDXDALParserJSON.m in Sources */ = {isa = PBXBuildFile; fileRef = 15DF8FEF15B2C15F00F1463D /* NJDXDALParserJSON.m */; };
		15DF8FF515B2C16000F1463D /* NJDXDALParserXML.m in Sources */ = {isa = PBXBuildFile; fileRef = 15DF8FF215B2C15F00F1463D /* NJDXDALParserXML.m */; };
		2D8CA03315B55A8E00B0E255 /* InfoPlist.strings in Resources */ = {isa = PBXBuildFile; fileRef = 2D8CA02015B55A8E00B0E255 /* InfoPlist.strings */; };
		2D8CA03415B55A8E00B0E255 /* NJDXDALArticleMappingTest.m in Sources */ = {isa = PBXBuildFile; fileRef = 2D8CA02315B55A8E00B0E255 /* NJDXDALArticleMappingTest.m */; };
		2D8CA03515B55A8E00B0E255 /* NJDXDALBookStoreHardMappingTest.m in Sources */ = {isa = PBXBuildFile; fileRef = 2D8CA02515B55A8E00B0E255 /* NJDXDALBookStoreHardMappingTest.m */; };
		2D8CA03615B55A8E00B0E255 /* NJDXDALTests-Info.plist in Resources */ = {isa = PBXBuildFile; fileRef = 2D8CA02615B55A8E00B0E255 /* NJDXDALTests-Info.plist */; };
		2D8CA03715B55A8E00B0E255 /* NJDXDALTests.m in Sources */ = {isa = PBXBuildFile; fileRef = 2D8CA02815B55A8E00B0E255 /* NJDXDALTests.m */; };
		2D8CA03815B55A8E00B0E255 /* Article.m in Sources */ = {isa = PBXBuildFile; fileRef = 2D8CA02B15B55A8E00B0E255 /* Article.m */; };
		2D8CA03915B55A8E00B0E255 /* BookStore.m in Sources */ = {isa = PBXBuildFile; fileRef = 2D8CA02D15B55A8E00B0E255 /* BookStore.m */; };
		2D8CA03A15B55A8E00B0E255 /* Meta.m in Sources */ = {isa = PBXBuildFile; fileRef = 2D8CA02F15B55A8E00B0E255 /* Meta.m */; };
		2D8CA03B15B55A8E00B0E255 /* inputJSON.txt in Resources */ = {isa = PBXBuildFile; fileRef = 2D8CA03115B55A8E00B0E255 /* inputJSON.txt */; };
		2D8CA03C15B55A8E00B0E255 /* inputJSONHarderWhenEver.txt in Resources */ = {isa = PBXBuildFile; fileRef = 2D8CA03215B55A8E00B0E255 /* inputJSONHarderWhenEver.txt */; };
		2D91AA7515AC8D6000E8A39D /* NJDXDALRequestBuilder.m in Sources */ = {isa = PBXBuildFile; fileRef = 2D91AA7415AC8D6000E8A39D /* NJDXDALRequestBuilder.m */; };
		2DFB059015B585B400748AB9 /* AppDelegate.m in Sources */ = {isa = PBXBuildFile; fileRef = 2DFB058F15B585B400748AB9 /* AppDelegate.m */; };
		2DFB059315B585DE00748AB9 /* MainViewController.m in Sources */ = {isa = PBXBuildFile; fileRef = 2DFB059215B585DE00748AB9 /* MainViewController.m */; };
		2DFB05E615B58D2C00748AB9 /* main.m in Sources */ = {isa = PBXBuildFile; fileRef = 2DFB05E515B58D2C00748AB9 /* main.m */; };
		30DBD0D615AEB98300B85415 /* NJDXDALParam.m in Sources */ = {isa = PBXBuildFile; fileRef = 30DBD0D515AEB98300B85415 /* NJDXDALParam.m */; };
		30DBD0DD15AEC3E300B85415 /* NJDXDALOperation.m in Sources */ = {isa = PBXBuildFile; fileRef = 30DBD0DC15AEC3E300B85415 /* NJDXDALOperation.m */; };
		30E195AF15AC208B00FA0A5C /* UIKit.framework in Frameworks */ = {isa = PBXBuildFile; fileRef = 30E195AE15AC208B00FA0A5C /* UIKit.framework */; };
		30E195B115AC208B00FA0A5C /* Foundation.framework in Frameworks */ = {isa = PBXBuildFile; fileRef = 30E195B015AC208B00FA0A5C /* Foundation.framework */; };
		30E195B315AC208B00FA0A5C /* CoreGraphics.framework in Frameworks */ = {isa = PBXBuildFile; fileRef = 30E195B215AC208B00FA0A5C /* CoreGraphics.framework */; };
		30E195B915AC208B00FA0A5C /* InfoPlist.strings in Resources */ = {isa = PBXBuildFile; fileRef = 30E195B715AC208B00FA0A5C /* InfoPlist.strings */; };
		30E195C715AC208B00FA0A5C /* SenTestingKit.framework in Frameworks */ = {isa = PBXBuildFile; fileRef = 30E195C615AC208B00FA0A5C /* SenTestingKit.framework */; };
		30E195C815AC208B00FA0A5C /* UIKit.framework in Frameworks */ = {isa = PBXBuildFile; fileRef = 30E195AE15AC208B00FA0A5C /* UIKit.framework */; };
		30E195C915AC208B00FA0A5C /* Foundation.framework in Frameworks */ = {isa = PBXBuildFile; fileRef = 30E195B015AC208B00FA0A5C /* Foundation.framework */; };
		30E195E215AC21F500FA0A5C /* NJDXDALHTTPOperation.m in Sources */ = {isa = PBXBuildFile; fileRef = 30E195E115AC21F500FA0A5C /* NJDXDALHTTPOperation.m */; };
		30E195E515AC23A000FA0A5C /* NJDXDALRunLoopController.m in Sources */ = {isa = PBXBuildFile; fileRef = 30E195E415AC23A000FA0A5C /* NJDXDALRunLoopController.m */; };
		30E195EB15AC267400FA0A5C /* NJDXDALParsingOperation.m in Sources */ = {isa = PBXBuildFile; fileRef = 30E195EA15AC267400FA0A5C /* NJDXDALParsingOperation.m */; };
		30E195F115AC2B8100FA0A5C /* NJDXDALOperationsCenter.m in Sources */ = {isa = PBXBuildFile; fileRef = 30E195F015AC2B8100FA0A5C /* NJDXDALOperationsCenter.m */; };
		30E195F415AC2BA900FA0A5C /* NJDXDALParsingCenter.m in Sources */ = {isa = PBXBuildFile; fileRef = 30E195F315AC2BA900FA0A5C /* NJDXDALParsingCenter.m */; };
		939A3BAB59704CFEB1D48074 /* libPods.a in Frameworks */ = {isa = PBXBuildFile; fileRef = EBE450A12FA54B72A7C8220A /* libPods.a */; };
		D2B1002315B1917B00354480 /* irregularNouns.plist in Resources */ = {isa = PBXBuildFile; fileRef = D2B1001F15B1917B00354480 /* irregularNouns.plist */; };
		D2B1002415B1917B00354480 /* nounsEnds.plist in Resources */ = {isa = PBXBuildFile; fileRef = D2B1002015B1917B00354480 /* nounsEnds.plist */; };
		D2B1002515B1917B00354480 /* NSString+Extensions.m in Sources */ = {isa = PBXBuildFile; fileRef = D2B1002215B1917B00354480 /* NSString+Extensions.m */; };
		D2B1003515B1923A00354480 /* NJDXDALMappingConfigurator.m in Sources */ = {isa = PBXBuildFile; fileRef = D2B1003315B1923A00354480 /* NJDXDALMappingConfigurator.m */; };
		D2B1003615B1923A00354480 /* NJDXDALMappingController.m in Sources */ = {isa = PBXBuildFile; fileRef = D2B1003415B1923A00354480 /* NJDXDALMappingController.m */; };
/* End PBXBuildFile section */

/* Begin PBXContainerItemProxy section */
		30E195CA15AC208B00FA0A5C /* PBXContainerItemProxy */ = {
			isa = PBXContainerItemProxy;
			containerPortal = 30E195A115AC208B00FA0A5C /* Project object */;
			proxyType = 1;
			remoteGlobalIDString = 30E195A915AC208B00FA0A5C;
			remoteInfo = NJDXDAL;
		};
/* End PBXContainerItemProxy section */

/* Begin PBXFileReference section */
		15DF8FEC15B2C15F00F1463D /* NJDXDALParser.h */ = {isa = PBXFileReference; fileEncoding = 4; lastKnownFileType = sourcecode.c.h; path = NJDXDALParser.h; sourceTree = "<group>"; };
		15DF8FED15B2C15F00F1463D /* NJDXDALParser.m */ = {isa = PBXFileReference; fileEncoding = 4; lastKnownFileType = sourcecode.c.objc; path = NJDXDALParser.m; sourceTree = "<group>"; };
		15DF8FEE15B2C15F00F1463D /* NJDXDALParserJSON.h */ = {isa = PBXFileReference; fileEncoding = 4; lastKnownFileType = sourcecode.c.h; path = NJDXDALParserJSON.h; sourceTree = "<group>"; };
		15DF8FEF15B2C15F00F1463D /* NJDXDALParserJSON.m */ = {isa = PBXFileReference; fileEncoding = 4; lastKnownFileType = sourcecode.c.objc; path = NJDXDALParserJSON.m; sourceTree = "<group>"; };
		15DF8FF015B2C15F00F1463D /* NJDXDALParserProtocol.h */ = {isa = PBXFileReference; fileEncoding = 4; lastKnownFileType = sourcecode.c.h; path = NJDXDALParserProtocol.h; sourceTree = "<group>"; };
		15DF8FF115B2C15F00F1463D /* NJDXDALParserXML.h */ = {isa = PBXFileReference; fileEncoding = 4; lastKnownFileType = sourcecode.c.h; path = NJDXDALParserXML.h; sourceTree = "<group>"; };
		15DF8FF215B2C15F00F1463D /* NJDXDALParserXML.m */ = {isa = PBXFileReference; fileEncoding = 4; lastKnownFileType = sourcecode.c.objc; path = NJDXDALParserXML.m; sourceTree = "<group>"; };
		2D8CA02115B55A8E00B0E255 /* en */ = {isa = PBXFileReference; lastKnownFileType = text.plist.strings; name = en; path = en.lproj/InfoPlist.strings; sourceTree = "<group>"; };
		2D8CA02215B55A8E00B0E255 /* NJDXDALArticleMappingTest.h */ = {isa = PBXFileReference; fileEncoding = 4; lastKnownFileType = sourcecode.c.h; path = NJDXDALArticleMappingTest.h; sourceTree = "<group>"; };
		2D8CA02315B55A8E00B0E255 /* NJDXDALArticleMappingTest.m */ = {isa = PBXFileReference; fileEncoding = 4; lastKnownFileType = sourcecode.c.objc; path = NJDXDALArticleMappingTest.m; sourceTree = "<group>"; };
		2D8CA02415B55A8E00B0E255 /* NJDXDALBookStoreHardMappingTest.h */ = {isa = PBXFileReference; fileEncoding = 4; lastKnownFileType = sourcecode.c.h; path = NJDXDALBookStoreHardMappingTest.h; sourceTree = "<group>"; };
		2D8CA02515B55A8E00B0E255 /* NJDXDALBookStoreHardMappingTest.m */ = {isa = PBXFileReference; fileEncoding = 4; lastKnownFileType = sourcecode.c.objc; path = NJDXDALBookStoreHardMappingTest.m; sourceTree = "<group>"; };
		2D8CA02615B55A8E00B0E255 /* NJDXDALTests-Info.plist */ = {isa = PBXFileReference; fileEncoding = 4; lastKnownFileType = text.plist.xml; path = "NJDXDALTests-Info.plist"; sourceTree = "<group>"; };
		2D8CA02715B55A8E00B0E255 /* NJDXDALTests.h */ = {isa = PBXFileReference; fileEncoding = 4; lastKnownFileType = sourcecode.c.h; path = NJDXDALTests.h; sourceTree = "<group>"; };
		2D8CA02815B55A8E00B0E255 /* NJDXDALTests.m */ = {isa = PBXFileReference; fileEncoding = 4; lastKnownFileType = sourcecode.c.objc; path = NJDXDALTests.m; sourceTree = "<group>"; };
		2D8CA02A15B55A8E00B0E255 /* Article.h */ = {isa = PBXFileReference; fileEncoding = 4; lastKnownFileType = sourcecode.c.h; path = Article.h; sourceTree = "<group>"; };
		2D8CA02B15B55A8E00B0E255 /* Article.m */ = {isa = PBXFileReference; fileEncoding = 4; lastKnownFileType = sourcecode.c.objc; path = Article.m; sourceTree = "<group>"; };
		2D8CA02C15B55A8E00B0E255 /* BookStore.h */ = {isa = PBXFileReference; fileEncoding = 4; lastKnownFileType = sourcecode.c.h; path = BookStore.h; sourceTree = "<group>"; };
		2D8CA02D15B55A8E00B0E255 /* BookStore.m */ = {isa = PBXFileReference; fileEncoding = 4; lastKnownFileType = sourcecode.c.objc; path = BookStore.m; sourceTree = "<group>"; };
		2D8CA02E15B55A8E00B0E255 /* Meta.h */ = {isa = PBXFileReference; fileEncoding = 4; lastKnownFileType = sourcecode.c.h; path = Meta.h; sourceTree = "<group>"; };
		2D8CA02F15B55A8E00B0E255 /* Meta.m */ = {isa = PBXFileReference; fileEncoding = 4; lastKnownFileType = sourcecode.c.objc; path = Meta.m; sourceTree = "<group>"; };
		2D8CA03115B55A8E00B0E255 /* inputJSON.txt */ = {isa = PBXFileReference; fileEncoding = 4; lastKnownFileType = text; path = inputJSON.txt; sourceTree = "<group>"; };
		2D8CA03215B55A8E00B0E255 /* inputJSONHarderWhenEver.txt */ = {isa = PBXFileReference; fileEncoding = 4; lastKnownFileType = text; path = inputJSONHarderWhenEver.txt; sourceTree = "<group>"; };
		2D91AA7315AC8D6000E8A39D /* NJDXDALRequestBuilder.h */ = {isa = PBXFileReference; fileEncoding = 4; lastKnownFileType = sourcecode.c.h; path = NJDXDALRequestBuilder.h; sourceTree = "<group>"; };
		2D91AA7415AC8D6000E8A39D /* NJDXDALRequestBuilder.m */ = {isa = PBXFileReference; fileEncoding = 4; lastKnownFileType = sourcecode.c.objc; path = NJDXDALRequestBuilder.m; sourceTree = "<group>"; };
		2DFB058E15B585B400748AB9 /* AppDelegate.h */ = {isa = PBXFileReference; fileEncoding = 4; lastKnownFileType = sourcecode.c.h; name = AppDelegate.h; path = ../AppDelegate.h; sourceTree = "<group>"; };
		2DFB058F15B585B400748AB9 /* AppDelegate.m */ = {isa = PBXFileReference; fileEncoding = 4; lastKnownFileType = sourcecode.c.objc; name = AppDelegate.m; path = ../AppDelegate.m; sourceTree = "<group>"; };
		2DFB059115B585DE00748AB9 /* MainViewController.h */ = {isa = PBXFileReference; fileEncoding = 4; lastKnownFileType = sourcecode.c.h; name = MainViewController.h; path = ../MainViewController.h; sourceTree = "<group>"; };
		2DFB059215B585DE00748AB9 /* MainViewController.m */ = {isa = PBXFileReference; fileEncoding = 4; lastKnownFileType = sourcecode.c.objc; name = MainViewController.m; path = ../MainViewController.m; sourceTree = "<group>"; };
		2DFB05E515B58D2C00748AB9 /* main.m */ = {isa = PBXFileReference; fileEncoding = 4; lastKnownFileType = sourcecode.c.objc; name = main.m; path = ../main.m; sourceTree = "<group>"; };
		30DBD0D415AEB98300B85415 /* NJDXDALParam.h */ = {isa = PBXFileReference; fileEncoding = 4; lastKnownFileType = sourcecode.c.h; path = NJDXDALParam.h; sourceTree = "<group>"; };
		30DBD0D515AEB98300B85415 /* NJDXDALParam.m */ = {isa = PBXFileReference; fileEncoding = 4; lastKnownFileType = sourcecode.c.objc; path = NJDXDALParam.m; sourceTree = "<group>"; };
		30DBD0DB15AEC3E300B85415 /* NJDXDALOperation.h */ = {isa = PBXFileReference; fileEncoding = 4; lastKnownFileType = sourcecode.c.h; path = NJDXDALOperation.h; sourceTree = "<group>"; };
		30DBD0DC15AEC3E300B85415 /* NJDXDALOperation.m */ = {isa = PBXFileReference; fileEncoding = 4; lastKnownFileType = sourcecode.c.objc; path = NJDXDALOperation.m; sourceTree = "<group>"; };
		30E195AA15AC208B00FA0A5C /* NJDXDAL.app */ = {isa = PBXFileReference; explicitFileType = wrapper.application; includeInIndex = 0; path = NJDXDAL.app; sourceTree = BUILT_PRODUCTS_DIR; };
		30E195AE15AC208B00FA0A5C /* UIKit.framework */ = {isa = PBXFileReference; includeInIndex = 1; lastKnownFileType = wrapper.framework; name = UIKit.framework; path = System/Library/Frameworks/UIKit.framework; sourceTree = SDKROOT; };
		30E195B015AC208B00FA0A5C /* Foundation.framework */ = {isa = PBXFileReference; includeInIndex = 1; lastKnownFileType = wrapper.framework; name = Foundation.framework; path = System/Library/Frameworks/Foundation.framework; sourceTree = SDKROOT; };
		30E195B215AC208B00FA0A5C /* CoreGraphics.framework */ = {isa = PBXFileReference; includeInIndex = 1; lastKnownFileType = wrapper.framework; name = CoreGraphics.framework; path = System/Library/Frameworks/CoreGraphics.framework; sourceTree = SDKROOT; };
		30E195B615AC208B00FA0A5C /* NJDXDAL-Info.plist */ = {isa = PBXFileReference; lastKnownFileType = text.plist.xml; path = "NJDXDAL-Info.plist"; sourceTree = "<group>"; };
		30E195B815AC208B00FA0A5C /* en */ = {isa = PBXFileReference; lastKnownFileType = text.plist.strings; name = en; path = en.lproj/InfoPlist.strings; sourceTree = "<group>"; };
		30E195BC15AC208B00FA0A5C /* NJDXDAL-Prefix.pch */ = {isa = PBXFileReference; lastKnownFileType = sourcecode.c.h; path = "NJDXDAL-Prefix.pch"; sourceTree = "<group>"; };
		30E195C515AC208B00FA0A5C /* NJDXDALTests.octest */ = {isa = PBXFileReference; explicitFileType = wrapper.cfbundle; includeInIndex = 0; path = NJDXDALTests.octest; sourceTree = BUILT_PRODUCTS_DIR; };
		30E195C615AC208B00FA0A5C /* SenTestingKit.framework */ = {isa = PBXFileReference; lastKnownFileType = wrapper.framework; name = SenTestingKit.framework; path = Library/Frameworks/SenTestingKit.framework; sourceTree = DEVELOPER_DIR; };
		30E195E015AC21F500FA0A5C /* NJDXDALHTTPOperation.h */ = {isa = PBXFileReference; fileEncoding = 4; lastKnownFileType = sourcecode.c.h; path = NJDXDALHTTPOperation.h; sourceTree = "<group>"; };
		30E195E115AC21F500FA0A5C /* NJDXDALHTTPOperation.m */ = {isa = PBXFileReference; fileEncoding = 4; lastKnownFileType = sourcecode.c.objc; path = NJDXDALHTTPOperation.m; sourceTree = "<group>"; };
		30E195E315AC23A000FA0A5C /* NJDXDALRunLoopController.h */ = {isa = PBXFileReference; fileEncoding = 4; lastKnownFileType = sourcecode.c.h; path = NJDXDALRunLoopController.h; sourceTree = "<group>"; };
		30E195E415AC23A000FA0A5C /* NJDXDALRunLoopController.m */ = {isa = PBXFileReference; fileEncoding = 4; lastKnownFileType = sourcecode.c.objc; path = NJDXDALRunLoopController.m; sourceTree = "<group>"; };
		30E195E915AC267400FA0A5C /* NJDXDALParsingOperation.h */ = {isa = PBXFileReference; fileEncoding = 4; lastKnownFileType = sourcecode.c.h; path = NJDXDALParsingOperation.h; sourceTree = "<group>"; };
		30E195EA15AC267400FA0A5C /* NJDXDALParsingOperation.m */ = {isa = PBXFileReference; fileEncoding = 4; lastKnownFileType = sourcecode.c.objc; path = NJDXDALParsingOperation.m; sourceTree = "<group>"; };
		30E195EF15AC2B8100FA0A5C /* NJDXDALOperationsCenter.h */ = {isa = PBXFileReference; fileEncoding = 4; lastKnownFileType = sourcecode.c.h; path = NJDXDALOperationsCenter.h; sourceTree = "<group>"; };
		30E195F015AC2B8100FA0A5C /* NJDXDALOperationsCenter.m */ = {isa = PBXFileReference; fileEncoding = 4; lastKnownFileType = sourcecode.c.objc; path = NJDXDALOperationsCenter.m; sourceTree = "<group>"; };
		30E195F215AC2BA900FA0A5C /* NJDXDALParsingCenter.h */ = {isa = PBXFileReference; fileEncoding = 4; lastKnownFileType = sourcecode.c.h; path = NJDXDALParsingCenter.h; sourceTree = "<group>"; };
		30E195F315AC2BA900FA0A5C /* NJDXDALParsingCenter.m */ = {isa = PBXFileReference; fileEncoding = 4; lastKnownFileType = sourcecode.c.objc; path = NJDXDALParsingCenter.m; sourceTree = "<group>"; };
		D2B1001F15B1917B00354480 /* irregularNouns.plist */ = {isa = PBXFileReference; fileEncoding = 4; lastKnownFileType = text.plist.xml; path = irregularNouns.plist; sourceTree = "<group>"; };
		D2B1002015B1917B00354480 /* nounsEnds.plist */ = {isa = PBXFileReference; fileEncoding = 4; lastKnownFileType = text.plist.xml; path = nounsEnds.plist; sourceTree = "<group>"; };
		D2B1002115B1917B00354480 /* NSString+Extensions.h */ = {isa = PBXFileReference; fileEncoding = 4; lastKnownFileType = sourcecode.c.h; path = "NSString+Extensions.h"; sourceTree = "<group>"; };
		D2B1002215B1917B00354480 /* NSString+Extensions.m */ = {isa = PBXFileReference; fileEncoding = 4; lastKnownFileType = sourcecode.c.objc; path = "NSString+Extensions.m"; sourceTree = "<group>"; };
		D2B1003115B1923A00354480 /* NJDXDALMappingConfigurator.h */ = {isa = PBXFileReference; fileEncoding = 4; lastKnownFileType = sourcecode.c.h; path = NJDXDALMappingConfigurator.h; sourceTree = "<group>"; };
		D2B1003215B1923A00354480 /* NJDXDALMappingController.h */ = {isa = PBXFileReference; fileEncoding = 4; lastKnownFileType = sourcecode.c.h; path = NJDXDALMappingController.h; sourceTree = "<group>"; };
		D2B1003315B1923A00354480 /* NJDXDALMappingConfigurator.m */ = {isa = PBXFileReference; fileEncoding = 4; lastKnownFileType = sourcecode.c.objc; path = NJDXDALMappingConfigurator.m; sourceTree = "<group>"; };
		D2B1003415B1923A00354480 /* NJDXDALMappingController.m */ = {isa = PBXFileReference; fileEncoding = 4; lastKnownFileType = sourcecode.c.objc; path = NJDXDALMappingController.m; sourceTree = "<group>"; };
		E6172D8402B949F8B26F9427 /* Pods.xcconfig */ = {isa = PBXFileReference; includeInIndex = 1; lastKnownFileType = text.xcconfig; name = Pods.xcconfig; path = Pods/Pods.xcconfig; sourceTree = SOURCE_ROOT; };
		EBE450A12FA54B72A7C8220A /* libPods.a */ = {isa = PBXFileReference; explicitFileType = archive.ar; includeInIndex = 0; path = libPods.a; sourceTree = BUILT_PRODUCTS_DIR; };
/* End PBXFileReference section */

/* Begin PBXFrameworksBuildPhase section */
		30E195A715AC208B00FA0A5C /* Frameworks */ = {
			isa = PBXFrameworksBuildPhase;
			buildActionMask = 2147483647;
			files = (
				30E195AF15AC208B00FA0A5C /* UIKit.framework in Frameworks */,
				30E195B115AC208B00FA0A5C /* Foundation.framework in Frameworks */,
				30E195B315AC208B00FA0A5C /* CoreGraphics.framework in Frameworks */,
				939A3BAB59704CFEB1D48074 /* libPods.a in Frameworks */,
			);
			runOnlyForDeploymentPostprocessing = 0;
		};
		30E195C115AC208B00FA0A5C /* Frameworks */ = {
			isa = PBXFrameworksBuildPhase;
			buildActionMask = 2147483647;
			files = (
				30E195C715AC208B00FA0A5C /* SenTestingKit.framework in Frameworks */,
				30E195C815AC208B00FA0A5C /* UIKit.framework in Frameworks */,
				30E195C915AC208B00FA0A5C /* Foundation.framework in Frameworks */,
			);
			runOnlyForDeploymentPostprocessing = 0;
		};
/* End PBXFrameworksBuildPhase section */

/* Begin PBXGroup section */
		2D8CA01F15B55A8E00B0E255 /* NJDXDALTests */ = {
			isa = PBXGroup;
			children = (
				2D8CA02015B55A8E00B0E255 /* InfoPlist.strings */,
				2D8CA02215B55A8E00B0E255 /* NJDXDALArticleMappingTest.h */,
				2D8CA02315B55A8E00B0E255 /* NJDXDALArticleMappingTest.m */,
				2D8CA02415B55A8E00B0E255 /* NJDXDALBookStoreHardMappingTest.h */,
				2D8CA02515B55A8E00B0E255 /* NJDXDALBookStoreHardMappingTest.m */,
				2D8CA02615B55A8E00B0E255 /* NJDXDALTests-Info.plist */,
				2D8CA02715B55A8E00B0E255 /* NJDXDALTests.h */,
				2D8CA02815B55A8E00B0E255 /* NJDXDALTests.m */,
				2D8CA02915B55A8E00B0E255 /* TestClasses */,
				2D8CA03015B55A8E00B0E255 /* TestJSONS */,
			);
			name = NJDXDALTests;
			path = ../NJDXDALTests;
			sourceTree = "<group>";
		};
		2D8CA02915B55A8E00B0E255 /* TestClasses */ = {
			isa = PBXGroup;
			children = (
				2D8CA02A15B55A8E00B0E255 /* Article.h */,
				2D8CA02B15B55A8E00B0E255 /* Article.m */,
				2D8CA02C15B55A8E00B0E255 /* BookStore.h */,
				2D8CA02D15B55A8E00B0E255 /* BookStore.m */,
				2D8CA02E15B55A8E00B0E255 /* Meta.h */,
				2D8CA02F15B55A8E00B0E255 /* Meta.m */,
			);
			path = TestClasses;
			sourceTree = "<group>";
		};
		2D8CA03015B55A8E00B0E255 /* TestJSONS */ = {
			isa = PBXGroup;
			children = (
				2D8CA03115B55A8E00B0E255 /* inputJSON.txt */,
				2D8CA03215B55A8E00B0E255 /* inputJSONHarderWhenEver.txt */,
			);
			path = TestJSONS;
			sourceTree = "<group>";
		};
		30DBD0DF15AEC8FD00B85415 /* Operation */ = {
			isa = PBXGroup;
			children = (
				30DBD0DB15AEC3E300B85415 /* NJDXDALOperation.h */,
				30DBD0DC15AEC3E300B85415 /* NJDXDALOperation.m */,
			);
			name = Operation;
			sourceTree = "<group>";
		};
		30E1959F15AC208B00FA0A5C = {
			isa = PBXGroup;
			children = (
				2DFB058E15B585B400748AB9 /* AppDelegate.h */,
				2DFB058F15B585B400748AB9 /* AppDelegate.m */,
				2DFB059115B585DE00748AB9 /* MainViewController.h */,
				2DFB059215B585DE00748AB9 /* MainViewController.m */,
				2DFB05E515B58D2C00748AB9 /* main.m */,
				2D8CA01F15B55A8E00B0E255 /* NJDXDALTests */,
				D2B1003015B1922300354480 /* Mapping */,
				D2B1001E15B1917B00354480 /* NSString+Extensions */,
				2D91AA7315AC8D6000E8A39D /* NJDXDALRequestBuilder.h */,
				2D91AA7415AC8D6000E8A39D /* NJDXDALRequestBuilder.m */,
				30DBD0DF15AEC8FD00B85415 /* Operation */,
				30E195F615AC2C3B00FA0A5C /* HTTPOperations */,
				30E195F515AC2C0F00FA0A5C /* Parsing */,
				30E195E315AC23A000FA0A5C /* NJDXDALRunLoopController.h */,
				30E195E415AC23A000FA0A5C /* NJDXDALRunLoopController.m */,
				30E195B415AC208B00FA0A5C /* NJDXDAL */,
				30E195AD15AC208B00FA0A5C /* Frameworks */,
				30E195AB15AC208B00FA0A5C /* Products */,
				E6172D8402B949F8B26F9427 /* Pods.xcconfig */,
			);
			sourceTree = "<group>";
		};
		30E195AB15AC208B00FA0A5C /* Products */ = {
			isa = PBXGroup;
			children = (
				30E195AA15AC208B00FA0A5C /* NJDXDAL.app */,
				30E195C515AC208B00FA0A5C /* NJDXDALTests.octest */,
			);
			name = Products;
			sourceTree = "<group>";
		};
		30E195AD15AC208B00FA0A5C /* Frameworks */ = {
			isa = PBXGroup;
			children = (
				30E195AE15AC208B00FA0A5C /* UIKit.framework */,
				30E195B015AC208B00FA0A5C /* Foundation.framework */,
				30E195B215AC208B00FA0A5C /* CoreGraphics.framework */,
				30E195C615AC208B00FA0A5C /* SenTestingKit.framework */,
				EBE450A12FA54B72A7C8220A /* libPods.a */,
			);
			name = Frameworks;
			sourceTree = "<group>";
		};
		30E195B415AC208B00FA0A5C /* NJDXDAL */ = {
			isa = PBXGroup;
			children = (
				30E195B515AC208B00FA0A5C /* Supporting Files */,
			);
			path = NJDXDAL;
			sourceTree = "<group>";
		};
		30E195B515AC208B00FA0A5C /* Supporting Files */ = {
			isa = PBXGroup;
			children = (
				30E195B615AC208B00FA0A5C /* NJDXDAL-Info.plist */,
				30E195B715AC208B00FA0A5C /* InfoPlist.strings */,
				30E195BC15AC208B00FA0A5C /* NJDXDAL-Prefix.pch */,
			);
			name = "Supporting Files";
			sourceTree = "<group>";
		};
		30E195F515AC2C0F00FA0A5C /* Parsing */ = {
			isa = PBXGroup;
			children = (
				15DF8FF015B2C15F00F1463D /* NJDXDALParserProtocol.h */,
				30E195E915AC267400FA0A5C /* NJDXDALParsingOperation.h */,
				30E195EA15AC267400FA0A5C /* NJDXDALParsingOperation.m */,
				30E195F215AC2BA900FA0A5C /* NJDXDALParsingCenter.h */,
				30E195F315AC2BA900FA0A5C /* NJDXDALParsingCenter.m */,
				15DF8FEC15B2C15F00F1463D /* NJDXDALParser.h */,
				15DF8FED15B2C15F00F1463D /* NJDXDALParser.m */,
				15DF8FEE15B2C15F00F1463D /* NJDXDALParserJSON.h */,
				15DF8FEF15B2C15F00F1463D /* NJDXDALParserJSON.m */,
				15DF8FF115B2C15F00F1463D /* NJDXDALParserXML.h */,
				15DF8FF215B2C15F00F1463D /* NJDXDALParserXML.m */,
			);
			name = Parsing;
			sourceTree = "<group>";
		};
		30E195F615AC2C3B00FA0A5C /* HTTPOperations */ = {
			isa = PBXGroup;
			children = (
				30DBD0D415AEB98300B85415 /* NJDXDALParam.h */,
				30DBD0D515AEB98300B85415 /* NJDXDALParam.m */,
				30E195E015AC21F500FA0A5C /* NJDXDALHTTPOperation.h */,
				30E195E115AC21F500FA0A5C /* NJDXDALHTTPOperation.m */,
				30E195EF15AC2B8100FA0A5C /* NJDXDALOperationsCenter.h */,
				30E195F015AC2B8100FA0A5C /* NJDXDALOperationsCenter.m */,
			);
			name = HTTPOperations;
			sourceTree = "<group>";
		};
		D2B1001E15B1917B00354480 /* NSString+Extensions */ = {
			isa = PBXGroup;
			children = (
				D2B1001F15B1917B00354480 /* irregularNouns.plist */,
				D2B1002015B1917B00354480 /* nounsEnds.plist */,
				D2B1002115B1917B00354480 /* NSString+Extensions.h */,
				D2B1002215B1917B00354480 /* NSString+Extensions.m */,
			);
			path = "NSString+Extensions";
			sourceTree = "<group>";
		};
		D2B1003015B1922300354480 /* Mapping */ = {
			isa = PBXGroup;
			children = (
				D2B1003115B1923A00354480 /* NJDXDALMappingConfigurator.h */,
				D2B1003315B1923A00354480 /* NJDXDALMappingConfigurator.m */,
				D2B1003215B1923A00354480 /* NJDXDALMappingController.h */,
				D2B1003415B1923A00354480 /* NJDXDALMappingController.m */,
			);
			name = Mapping;
			sourceTree = "<group>";
		};
/* End PBXGroup section */

/* Begin PBXNativeTarget section */
		30E195A915AC208B00FA0A5C /* NJDXDAL */ = {
			isa = PBXNativeTarget;
			buildConfigurationList = 30E195D715AC208B00FA0A5C /* Build configuration list for PBXNativeTarget "NJDXDAL" */;
			buildPhases = (
				30E195A615AC208B00FA0A5C /* Sources */,
				30E195A715AC208B00FA0A5C /* Frameworks */,
				30E195A815AC208B00FA0A5C /* Resources */,
				5DD513A1ADC648018B49E3E0 /* Copy Pods Resources */,
			);
			buildRules = (
			);
			dependencies = (
			);
			name = NJDXDAL;
			productName = NJDXDAL;
			productReference = 30E195AA15AC208B00FA0A5C /* NJDXDAL.app */;
			productType = "com.apple.product-type.application";
		};
		30E195C415AC208B00FA0A5C /* NJDXDALTests */ = {
			isa = PBXNativeTarget;
			buildConfigurationList = 30E195DA15AC208B00FA0A5C /* Build configuration list for PBXNativeTarget "NJDXDALTests" */;
			buildPhases = (
				30E195C015AC208B00FA0A5C /* Sources */,
				30E195C115AC208B00FA0A5C /* Frameworks */,
				30E195C215AC208B00FA0A5C /* Resources */,
				30E195C315AC208B00FA0A5C /* ShellScript */,
			);
			buildRules = (
			);
			dependencies = (
				30E195CB15AC208B00FA0A5C /* PBXTargetDependency */,
			);
			name = NJDXDALTests;
			productName = NJDXDALTests;
			productReference = 30E195C515AC208B00FA0A5C /* NJDXDALTests.octest */;
			productType = "com.apple.product-type.bundle";
		};
/* End PBXNativeTarget section */

/* Begin PBXProject section */
		30E195A115AC208B00FA0A5C /* Project object */ = {
			isa = PBXProject;
			attributes = {
				LastUpgradeCheck = 0430;
			};
			buildConfigurationList = 30E195A415AC208B00FA0A5C /* Build configuration list for PBXProject "NJDXDAL" */;
			compatibilityVersion = "Xcode 3.2";
			developmentRegion = English;
			hasScannedForEncodings = 0;
			knownRegions = (
				en,
			);
			mainGroup = 30E1959F15AC208B00FA0A5C;
			productRefGroup = 30E195AB15AC208B00FA0A5C /* Products */;
			projectDirPath = "";
			projectRoot = "";
			targets = (
				30E195A915AC208B00FA0A5C /* NJDXDAL */,
				30E195C415AC208B00FA0A5C /* NJDXDALTests */,
			);
		};
/* End PBXProject section */

/* Begin PBXResourcesBuildPhase section */
		30E195A815AC208B00FA0A5C /* Resources */ = {
			isa = PBXResourcesBuildPhase;
			buildActionMask = 2147483647;
			files = (
				30E195B915AC208B00FA0A5C /* InfoPlist.strings in Resources */,
				D2B1002315B1917B00354480 /* irregularNouns.plist in Resources */,
				D2B1002415B1917B00354480 /* nounsEnds.plist in Resources */,
			);
			runOnlyForDeploymentPostprocessing = 0;
		};
		30E195C215AC208B00FA0A5C /* Resources */ = {
			isa = PBXResourcesBuildPhase;
			buildActionMask = 2147483647;
			files = (
				2D8CA03315B55A8E00B0E255 /* InfoPlist.strings in Resources */,
				2D8CA03615B55A8E00B0E255 /* NJDXDALTests-Info.plist in Resources */,
				2D8CA03B15B55A8E00B0E255 /* inputJSON.txt in Resources */,
				2D8CA03C15B55A8E00B0E255 /* inputJSONHarderWhenEver.txt in Resources */,
			);
			runOnlyForDeploymentPostprocessing = 0;
		};
/* End PBXResourcesBuildPhase section */

/* Begin PBXShellScriptBuildPhase section */
		30E195C315AC208B00FA0A5C /* ShellScript */ = {
			isa = PBXShellScriptBuildPhase;
			buildActionMask = 2147483647;
			files = (
			);
			inputPaths = (
			);
			outputPaths = (
			);
			runOnlyForDeploymentPostprocessing = 0;
			shellPath = /bin/sh;
			shellScript = "# Run the unit tests in this test bundle.\n\"${SYSTEM_DEVELOPER_DIR}/Tools/RunUnitTests\"\n";
		};
		5DD513A1ADC648018B49E3E0 /* Copy Pods Resources */ = {
			isa = PBXShellScriptBuildPhase;
			buildActionMask = 2147483647;
			files = (
			);
			inputPaths = (
			);
			name = "Copy Pods Resources";
			outputPaths = (
			);
			runOnlyForDeploymentPostprocessing = 0;
			shellPath = /bin/sh;
			shellScript = "\"${SRCROOT}/Pods/Pods-resources.sh\"\n";
		};
/* End PBXShellScriptBuildPhase section */

/* Begin PBXSourcesBuildPhase section */
		30E195A615AC208B00FA0A5C /* Sources */ = {
			isa = PBXSourcesBuildPhase;
			buildActionMask = 2147483647;
			files = (
				30E195E215AC21F500FA0A5C /* NJDXDALHTTPOperation.m in Sources */,
				30E195E515AC23A000FA0A5C /* NJDXDALRunLoopController.m in Sources */,
				30E195EB15AC267400FA0A5C /* NJDXDALParsingOperation.m in Sources */,
				30E195F115AC2B8100FA0A5C /* NJDXDALOperationsCenter.m in Sources */,
				30E195F415AC2BA900FA0A5C /* NJDXDALParsingCenter.m in Sources */,
				2D91AA7515AC8D6000E8A39D /* NJDXDALRequestBuilder.m in Sources */,
				30DBD0D615AEB98300B85415 /* NJDXDALParam.m in Sources */,
				30DBD0DD15AEC3E300B85415 /* NJDXDALOperation.m in Sources */,
				D2B1002515B1917B00354480 /* NSString+Extensions.m in Sources */,
				D2B1003515B1923A00354480 /* NJDXDALMappingConfigurator.m in Sources */,
				D2B1003615B1923A00354480 /* NJDXDALMappingController.m in Sources */,
				15DF8FF315B2C16000F1463D /* NJDXDALParser.m in Sources */,
				15DF8FF415B2C16000F1463D /* NJDXDALParserJSON.m in Sources */,
				15DF8FF515B2C16000F1463D /* NJDXDALParserXML.m in Sources */,
				2DFB059015B585B400748AB9 /* AppDelegate.m in Sources */,
				2DFB059315B585DE00748AB9 /* MainViewController.m in Sources */,
				2DFB05E615B58D2C00748AB9 /* main.m in Sources */,
			);
			runOnlyForDeploymentPostprocessing = 0;
		};
		30E195C015AC208B00FA0A5C /* Sources */ = {
			isa = PBXSourcesBuildPhase;
			buildActionMask = 2147483647;
			files = (
				2D8CA03415B55A8E00B0E255 /* NJDXDALArticleMappingTest.m in Sources */,
				2D8CA03515B55A8E00B0E255 /* NJDXDALBookStoreHardMappingTest.m in Sources */,
				2D8CA03715B55A8E00B0E255 /* NJDXDALTests.m in Sources */,
				2D8CA03815B55A8E00B0E255 /* Article.m in Sources */,
				2D8CA03915B55A8E00B0E255 /* BookStore.m in Sources */,
				2D8CA03A15B55A8E00B0E255 /* Meta.m in Sources */,
			);
			runOnlyForDeploymentPostprocessing = 0;
		};
/* End PBXSourcesBuildPhase section */

/* Begin PBXTargetDependency section */
		30E195CB15AC208B00FA0A5C /* PBXTargetDependency */ = {
			isa = PBXTargetDependency;
			target = 30E195A915AC208B00FA0A5C /* NJDXDAL */;
			targetProxy = 30E195CA15AC208B00FA0A5C /* PBXContainerItemProxy */;
		};
/* End PBXTargetDependency section */

/* Begin PBXVariantGroup section */
		2D8CA02015B55A8E00B0E255 /* InfoPlist.strings */ = {
			isa = PBXVariantGroup;
			children = (
				2D8CA02115B55A8E00B0E255 /* en */,
			);
			name = InfoPlist.strings;
			sourceTree = "<group>";
		};
		30E195B715AC208B00FA0A5C /* InfoPlist.strings */ = {
			isa = PBXVariantGroup;
			children = (
				30E195B815AC208B00FA0A5C /* en */,
			);
			name = InfoPlist.strings;
			sourceTree = "<group>";
		};
/* End PBXVariantGroup section */

/* Begin XCBuildConfiguration section */
		30E195D515AC208B00FA0A5C /* Debug */ = {
			isa = XCBuildConfiguration;
			buildSettings = {
				ALWAYS_SEARCH_USER_PATHS = NO;
				ARCHS = "$(ARCHS_STANDARD_32_BIT)";
				"CODE_SIGN_IDENTITY[sdk=iphoneos*]" = "iPhone Developer";
				COPY_PHASE_STRIP = NO;
				GCC_C_LANGUAGE_STANDARD = gnu99;
				GCC_DYNAMIC_NO_PIC = NO;
				GCC_OPTIMIZATION_LEVEL = 0;
				GCC_PREPROCESSOR_DEFINITIONS = (
					"DEBUG=1",
					"$(inherited)",
				);
				GCC_SYMBOLS_PRIVATE_EXTERN = NO;
				GCC_VERSION = com.apple.compilers.llvm.clang.1_0;
				GCC_WARN_ABOUT_RETURN_TYPE = YES;
				GCC_WARN_UNINITIALIZED_AUTOS = YES;
				GCC_WARN_UNUSED_VARIABLE = YES;
				IPHONEOS_DEPLOYMENT_TARGET = 5.1;
				SDKROOT = iphoneos;
			};
			name = Debug;
		};
		30E195D615AC208B00FA0A5C /* Release */ = {
			isa = XCBuildConfiguration;
			buildSettings = {
				ALWAYS_SEARCH_USER_PATHS = NO;
				ARCHS = "$(ARCHS_STANDARD_32_BIT)";
				"CODE_SIGN_IDENTITY[sdk=iphoneos*]" = "iPhone Developer";
				COPY_PHASE_STRIP = YES;
				GCC_C_LANGUAGE_STANDARD = gnu99;
				GCC_VERSION = com.apple.compilers.llvm.clang.1_0;
				GCC_WARN_ABOUT_RETURN_TYPE = YES;
				GCC_WARN_UNINITIALIZED_AUTOS = YES;
				GCC_WARN_UNUSED_VARIABLE = YES;
				IPHONEOS_DEPLOYMENT_TARGET = 5.1;
				OTHER_CFLAGS = "-DNS_BLOCK_ASSERTIONS=1";
				SDKROOT = iphoneos;
				VALIDATE_PRODUCT = YES;
			};
			name = Release;
		};
		30E195D815AC208B00FA0A5C /* Debug */ = {
			isa = XCBuildConfiguration;
			baseConfigurationReference = E6172D8402B949F8B26F9427 /* Pods.xcconfig */;
			buildSettings = {
				CLANG_ENABLE_OBJC_ARC = YES;
				GCC_PRECOMPILE_PREFIX_HEADER = YES;
				GCC_PREFIX_HEADER = "NJDXDAL/NJDXDAL-Prefix.pch";
				INFOPLIST_FILE = "NJDXDAL/NJDXDAL-Info.plist";
				IPHONEOS_DEPLOYMENT_TARGET = 5.0;
				PRODUCT_NAME = "$(TARGET_NAME)";
				WRAPPER_EXTENSION = app;
			};
			name = Debug;
		};
		30E195D915AC208B00FA0A5C /* Release */ = {
			isa = XCBuildConfiguration;
			baseConfigurationReference = E6172D8402B949F8B26F9427 /* Pods.xcconfig */;
			buildSettings = {
				CLANG_ENABLE_OBJC_ARC = YES;
				GCC_PRECOMPILE_PREFIX_HEADER = YES;
				GCC_PREFIX_HEADER = "NJDXDAL/NJDXDAL-Prefix.pch";
				INFOPLIST_FILE = "NJDXDAL/NJDXDAL-Info.plist";
				IPHONEOS_DEPLOYMENT_TARGET = 5.0;
				PRODUCT_NAME = "$(TARGET_NAME)";
				WRAPPER_EXTENSION = app;
			};
			name = Release;
		};
		30E195DB15AC208B00FA0A5C /* Debug */ = {
			isa = XCBuildConfiguration;
			buildSettings = {
				BUNDLE_LOADER = "$(BUILT_PRODUCTS_DIR)/NJDXDAL.app/NJDXDAL";
				CLANG_ENABLE_OBJC_ARC = YES;
				FRAMEWORK_SEARCH_PATHS = (
					"$(SDKROOT)/Developer/Library/Frameworks",
					"$(DEVELOPER_LIBRARY_DIR)/Frameworks",
				);
				GCC_PRECOMPILE_PREFIX_HEADER = YES;
				GCC_PREFIX_HEADER = "NJDXDAL/NJDXDAL-Prefix.pch";
				INFOPLIST_FILE = "NJDXDALTests/NJDXDALTests-Info.plist";
				IPHONEOS_DEPLOYMENT_TARGET = 5.0;
				PRODUCT_NAME = "$(TARGET_NAME)";
				TEST_HOST = "$(BUNDLE_LOADER)";
				WRAPPER_EXTENSION = octest;
			};
			name = Debug;
		};
		30E195DC15AC208B00FA0A5C /* Release */ = {
			isa = XCBuildConfiguration;
			buildSettings = {
				BUNDLE_LOADER = "$(BUILT_PRODUCTS_DIR)/NJDXDAL.app/NJDXDAL";
				CLANG_ENABLE_OBJC_ARC = YES;
				FRAMEWORK_SEARCH_PATHS = (
					"$(SDKROOT)/Developer/Library/Frameworks",
					"$(DEVELOPER_LIBRARY_DIR)/Frameworks",
				);
				GCC_PRECOMPILE_PREFIX_HEADER = YES;
				GCC_PREFIX_HEADER = "NJDXDAL/NJDXDAL-Prefix.pch";
				INFOPLIST_FILE = "NJDXDALTests/NJDXDALTests-Info.plist";
				IPHONEOS_DEPLOYMENT_TARGET = 5.0;
				PRODUCT_NAME = "$(TARGET_NAME)";
				TEST_HOST = "$(BUNDLE_LOADER)";
				WRAPPER_EXTENSION = octest;
			};
			name = Release;
		};
/* End XCBuildConfiguration section */

/* Begin XCConfigurationList section */
		30E195A415AC208B00FA0A5C /* Build configuration list for PBXProject "NJDXDAL" */ = {
			isa = XCConfigurationList;
			buildConfigurations = (
				30E195D515AC208B00FA0A5C /* Debug */,
				30E195D615AC208B00FA0A5C /* Release */,
			);
			defaultConfigurationIsVisible = 0;
			defaultConfigurationName = Release;
		};
		30E195D715AC208B00FA0A5C /* Build configuration list for PBXNativeTarget "NJDXDAL" */ = {
			isa = XCConfigurationList;
			buildConfigurations = (
				30E195D815AC208B00FA0A5C /* Debug */,
				30E195D915AC208B00FA0A5C /* Release */,
			);
			defaultConfigurationIsVisible = 0;
			defaultConfigurationName = Release;
		};
		30E195DA15AC208B00FA0A5C /* Build configuration list for PBXNativeTarget "NJDXDALTests" */ = {
			isa = XCConfigurationList;
			buildConfigurations = (
				30E195DB15AC208B00FA0A5C /* Debug */,
				30E195DC15AC208B00FA0A5C /* Release */,
			);
			defaultConfigurationIsVisible = 0;
			defaultConfigurationName = Release;
		};
/* End XCConfigurationList section */
	};
	rootObject = 30E195A115AC208B00FA0A5C /* Project object */;
}
